
Microsoft Visual Studio Solution File, Format Version 12.00
# Visual Studio Version 17
VisualStudioVersion = 17.0.32014.148
MinimumVisualStudioVersion = 10.0.40219.1
Project("{FAE04EC0-301F-11D3-BF4B-00C04F79EFBC}") = "VocabularyTrainer.Android", "VocabularyTrainer.Android\VocabularyTrainer.Android.csproj", "{6AC71099-8F52-43C1-AD5A-1B6B8A24FD61}"
EndProject
Project("{FAE04EC0-301F-11D3-BF4B-00C04F79EFBC}") = "VocabularyTrainer", "VocabularyTrainer\VocabularyTrainer.csproj", "{FB3E45A7-CB4E-4E5F-890A-D0C2E9717A6E}"
EndProject
Global
	GlobalSection(SolutionConfigurationPlatforms) = preSolution
		Debug|Any CPU = Debug|Any CPU
		Release|Any CPU = Release|Any CPU
	EndGlobalSection
	GlobalSection(ProjectConfigurationPlatforms) = postSolution
		{6AC71099-8F52-43C1-AD5A-1B6B8A24FD61}.Debug|Any CPU.ActiveCfg = Debug|Any CPU
		{6AC71099-8F52-43C1-AD5A-1B6B8A24FD61}.Debug|Any CPU.Build.0 = Debug|Any CPU
		{6AC71099-8F52-43C1-AD5A-1B6B8A24FD61}.Debug|Any CPU.Deploy.0 = Debug|Any CPU
		{6AC71099-8F52-43C1-AD5A-1B6B8A24FD61}.Release|Any CPU.ActiveCfg = Release|Any CPU
		{6AC71099-8F52-43C1-AD5A-1B6B8A24FD61}.Release|Any CPU.Build.0 = Release|Any CPU
		{6AC71099-8F52-43C1-AD5A-1B6B8A24FD61}.Release|Any CPU.Deploy.0 = Release|Any CPU
		{FB3E45A7-CB4E-4E5F-890A-D0C2E9717A6E}.Debug|Any CPU.ActiveCfg = Debug|Any CPU
		{FB3E45A7-CB4E-4E5F-890A-D0C2E9717A6E}.Debug|Any CPU.Build.0 = Debug|Any CPU
		{FB3E45A7-CB4E-4E5F-890A-D0C2E9717A6E}.Debug|Any CPU.Deploy.0 = Debug|Any CPU
		{FB3E45A7-CB4E-4E5F-890A-D0C2E9717A6E}.Release|Any CPU.ActiveCfg = Release|Any CPU
		{FB3E45A7-CB4E-4E5F-890A-D0C2E9717A6E}.Release|Any CPU.Build.0 = Release|Any CPU
		{FB3E45A7-CB4E-4E5F-890A-D0C2E9717A6E}.Release|Any CPU.Deploy.0 = Release|Any CPU
	EndGlobalSection
	GlobalSection(SolutionProperties) = preSolution
		HideSolutionNode = FALSE
	EndGlobalSection
	GlobalSection(ExtensibilityGlobals) = postSolution
		SolutionGuid = {AC00C5BA-24D9-4ACD-888A-B0EA417863C2}
	EndGlobalSection
EndGlobal
